<Solution>
  <Project Path="AssistantApi.Application/AssistantApi.Application.csproj" />
  <Project Path="AssistantApi.Core/AssistantApi.Core.csproj" />
  <Project Path="AssistantApi.Infrastructure/AssistantApi.Infrastructure.csproj" />
  <Project Path="AssistantApi/AssistantApi.csproj" />
</Solution>
